
Microsoft Visual Studio Solution File, Format Version 12.00
# Visual Studio Version 16
VisualStudioVersion = 16.0.29215.179
MinimumVisualStudioVersion = 10.0.40219.1
Project("{9A19103F-16F7-4668-BE54-9A1E7A4F7556}") = "Pharus.App", "Pharus.App\Pharus.App.csproj", "{39BDA5DE-257A-4EED-A3C6-08D36D41FB05}"
EndProject
Project("{9A19103F-16F7-4668-BE54-9A1E7A4F7556}") = "Pharus.Data", "Pharus.Data\Pharus.Data.csproj", "{4786A595-4709-46A7-B197-52F05AA8E6CF}"
EndProject
Project("{9A19103F-16F7-4668-BE54-9A1E7A4F7556}") = "Pharus.Domain", "Pharus.Domain\Pharus.Domain.csproj", "{4D5647B5-5892-48ED-8112-1D5636E8B457}"
EndProject
Project("{9A19103F-16F7-4668-BE54-9A1E7A4F7556}") = "Pharus.Services", "Pharus.Services\Pharus.Services.csproj", "{2B17143F-E0FA-4610-A050-2CA3E6D81D7D}"
EndProject
Project("{9A19103F-16F7-4668-BE54-9A1E7A4F7556}") = "Pharus.Infrastructure", "Pharus.Infrastructure\Pharus.Infrastructure.csproj", "{2EE8BC5D-B86E-4C2C-94A6-B71A902034F9}"
EndProject
Project("{9A19103F-16F7-4668-BE54-9A1E7A4F7556}") = "Pharus.Utilities", "Pharus.Utilities\Pharus.Utilities.csproj", "{A5C97015-C3C0-4DEC-9B8D-7D6B42E52BA6}"
EndProject
Global
	GlobalSection(SolutionConfigurationPlatforms) = preSolution
		Debug|Any CPU = Debug|Any CPU
		Release|Any CPU = Release|Any CPU
	EndGlobalSection
	GlobalSection(ProjectConfigurationPlatforms) = postSolution
		{39BDA5DE-257A-4EED-A3C6-08D36D41FB05}.Debug|Any CPU.ActiveCfg = Debug|Any CPU
		{39BDA5DE-257A-4EED-A3C6-08D36D41FB05}.Debug|Any CPU.Build.0 = Debug|Any CPU
		{39BDA5DE-257A-4EED-A3C6-08D36D41FB05}.Release|Any CPU.ActiveCfg = Release|Any CPU
		{39BDA5DE-257A-4EED-A3C6-08D36D41FB05}.Release|Any CPU.Build.0 = Release|Any CPU
		{4786A595-4709-46A7-B197-52F05AA8E6CF}.Debug|Any CPU.ActiveCfg = Debug|Any CPU
		{4786A595-4709-46A7-B197-52F05AA8E6CF}.Debug|Any CPU.Build.0 = Debug|Any CPU
		{4786A595-4709-46A7-B197-52F05AA8E6CF}.Release|Any CPU.ActiveCfg = Release|Any CPU
		{4786A595-4709-46A7-B197-52F05AA8E6CF}.Release|Any CPU.Build.0 = Release|Any CPU
		{4D5647B5-5892-48ED-8112-1D5636E8B457}.Debug|Any CPU.ActiveCfg = Debug|Any CPU
		{4D5647B5-5892-48ED-8112-1D5636E8B457}.Debug|Any CPU.Build.0 = Debug|Any CPU
		{4D5647B5-5892-48ED-8112-1D5636E8B457}.Release|Any CPU.ActiveCfg = Release|Any CPU
		{4D5647B5-5892-48ED-8112-1D5636E8B457}.Release|Any CPU.Build.0 = Release|Any CPU
		{2B17143F-E0FA-4610-A050-2CA3E6D81D7D}.Debug|Any CPU.ActiveCfg = Debug|Any CPU
		{2B17143F-E0FA-4610-A050-2CA3E6D81D7D}.Debug|Any CPU.Build.0 = Debug|Any CPU
		{2B17143F-E0FA-4610-A050-2CA3E6D81D7D}.Release|Any CPU.ActiveCfg = Release|Any CPU
		{2B17143F-E0FA-4610-A050-2CA3E6D81D7D}.Release|Any CPU.Build.0 = Release|Any CPU
		{2EE8BC5D-B86E-4C2C-94A6-B71A902034F9}.Debug|Any CPU.ActiveCfg = Debug|Any CPU
		{2EE8BC5D-B86E-4C2C-94A6-B71A902034F9}.Debug|Any CPU.Build.0 = Debug|Any CPU
		{2EE8BC5D-B86E-4C2C-94A6-B71A902034F9}.Release|Any CPU.ActiveCfg = Release|Any CPU
		{2EE8BC5D-B86E-4C2C-94A6-B71A902034F9}.Release|Any CPU.Build.0 = Release|Any CPU
		{A5C97015-C3C0-4DEC-9B8D-7D6B42E52BA6}.Debug|Any CPU.ActiveCfg = Debug|Any CPU
		{A5C97015-C3C0-4DEC-9B8D-7D6B42E52BA6}.Debug|Any CPU.Build.0 = Debug|Any CPU
		{A5C97015-C3C0-4DEC-9B8D-7D6B42E52BA6}.Release|Any CPU.ActiveCfg = Release|Any CPU
		{A5C97015-C3C0-4DEC-9B8D-7D6B42E52BA6}.Release|Any CPU.Build.0 = Release|Any CPU
	EndGlobalSection
	GlobalSection(SolutionProperties) = preSolution
		HideSolutionNode = FALSE
	EndGlobalSection
	GlobalSection(ExtensibilityGlobals) = postSolution
		SolutionGuid = {377100C8-4F67-44A0-BD09-65B99293379E}
	EndGlobalSection
EndGlobal
